
Microsoft Visual Studio Solution File, Format Version 12.00
# Visual Studio Version 17
VisualStudioVersion = 17.7.34202.233
MinimumVisualStudioVersion = 10.0.40219.1
Project("{FAE04EC0-301F-11D3-BF4B-00C04F79EFBC}") = "H.Necessaire.RDF", "H.Necessaire.RDF\H.Necessaire.RDF.csproj", "{22F68215-8792-4334-90DD-9E9939C66C88}"
EndProject
Project("{2150E333-8FDC-42A3-9474-1A3956D46DE8}") = "Tools", "Tools", "{E0239D8F-4EF3-4528-9B31-A11411DD4207}"
EndProject
Project("{FAE04EC0-301F-11D3-BF4B-00C04F79EFBC}") = "H.Necessaire.RDF.CLI", "H.Necessaire.RDF.CLI\H.Necessaire.RDF.CLI.csproj", "{84F19CBC-B03F-4CCE-8339-D520C514766C}"
EndProject
Global
	GlobalSection(SolutionConfigurationPlatforms) = preSolution
		Debug|Any CPU = Debug|Any CPU
		Release|Any CPU = Release|Any CPU
	EndGlobalSection
	GlobalSection(ProjectConfigurationPlatforms) = postSolution
		{22F68215-8792-4334-90DD-9E9939C66C88}.Debug|Any CPU.ActiveCfg = Debug|Any CPU
		{22F68215-8792-4334-90DD-9E9939C66C88}.Debug|Any CPU.Build.0 = Debug|Any CPU
		{22F68215-8792-4334-90DD-9E9939C66C88}.Release|Any CPU.ActiveCfg = Release|Any CPU
		{22F68215-8792-4334-90DD-9E9939C66C88}.Release|Any CPU.Build.0 = Release|Any CPU
		{84F19CBC-B03F-4CCE-8339-D520C514766C}.Debug|Any CPU.ActiveCfg = Debug|Any CPU
		{84F19CBC-B03F-4CCE-8339-D520C514766C}.Debug|Any CPU.Build.0 = Debug|Any CPU
		{84F19CBC-B03F-4CCE-8339-D520C514766C}.Release|Any CPU.ActiveCfg = Release|Any CPU
		{84F19CBC-B03F-4CCE-8339-D520C514766C}.Release|Any CPU.Build.0 = Release|Any CPU
	EndGlobalSection
	GlobalSection(SolutionProperties) = preSolution
		HideSolutionNode = FALSE
	EndGlobalSection
	GlobalSection(NestedProjects) = preSolution
		{84F19CBC-B03F-4CCE-8339-D520C514766C} = {E0239D8F-4EF3-4528-9B31-A11411DD4207}
	EndGlobalSection
	GlobalSection(ExtensibilityGlobals) = postSolution
		SolutionGuid = {E6C27770-C58F-4C37-B4C2-46A8ACDE31C7}
	EndGlobalSection
EndGlobal
